{
  "pins" : [
    {
      "identity" : "defaults",
      "kind" : "remoteSourceControl",
      "location" : "https://github.com/sindresorhus/Defaults",
      "state" : {
        "revision" : "d71bfd8ffbf944ef08eacbca5fb96d6f69bf7696",
        "version" : "7.1.0"
      }
    },
    {
      "identity" : "keyboardshortcuts",
      "kind" : "remoteSourceControl",
      "location" : "https://github.com/sindresorhus/KeyboardShortcuts",
      "state" : {
        "revision" : "8c90a95cb9f94d5c26182cb7d447c54ba5416984",
        "version" : "1.9.4"
      }
    },
    {
      "identity" : "launchatlogin-modern",
      "kind" : "remoteSourceControl",
      "location" : "https://github.com/sindresorhus/LaunchAtLogin-Modern",
      "state" : {
        "revision" : "638e6c426b8d113eae255baeba59ed2d9d9a7c4d",
        "version" : "1.0.0"
      }
    }
  ],
  "version" : 2
}
