// !$*UTF8*$!
{
	archiveVersion = 1;
	classes = {
	};
	objectVersion = 56;
	objects = {

/* Begin PBXBuildFile section */
		4A0ED9452899B4EC00C64485 /* Settings.swift in Sources */ = {isa = PBXBuildFile; fileRef = 4A0ED9442899B4EC00C64485 /* Settings.swift */; };
		4A0ED9472899B95100C64485 /* LocalizedStrings.swift in Sources */ = {isa = PBXBuildFile; fileRef = 4A0ED9462899B95000C64485 /* LocalizedStrings.swift */; };
		4A1A0716289629680023B5AE /* EventMonitor.swift in Sources */ = {isa = PBXBuildFile; fileRef = 4A1A0715289629680023B5AE /* EventMonitor.swift */; };
		4A2BD5192926CAF70085E372 /* Font.swift in Sources */ = {isa = PBXBuildFile; fileRef = 4A2BD5182926CAF70085E372 /* Font.swift */; };
		4A88A6B32896290000F63365 /* AppDelegate.swift in Sources */ = {isa = PBXBuildFile; fileRef = 4A88A6B22896290000F63365 /* AppDelegate.swift */; };
		4A88A6B52896290000F63365 /* Assets.xcassets in Resources */ = {isa = PBXBuildFile; fileRef = 4A88A6B42896290000F63365 /* Assets.xcassets */; };
		4A88A6B82896290000F63365 /* MainMenu.xib in Resources */ = {isa = PBXBuildFile; fileRef = 4A88A6B62896290000F63365 /* MainMenu.xib */; };
		4AA764152896DC61000C6A49 /* MouseMover.swift in Sources */ = {isa = PBXBuildFile; fileRef = 4AA764142896DC61000C6A49 /* MouseMover.swift */; };
		4AE9B9002896EDAB00F8100D /* KeyboardShortcuts in Frameworks */ = {isa = PBXBuildFile; productRef = 4AE9B8FF2896EDAB00F8100D /* KeyboardShortcuts */; };
		4AE9B9032896EDC300F8100D /* LaunchAtLogin in Frameworks */ = {isa = PBXBuildFile; productRef = 4AE9B9022896EDC300F8100D /* LaunchAtLogin */; };
		4AE9B9062896EDD600F8100D /* Defaults in Frameworks */ = {isa = PBXBuildFile; productRef = 4AE9B9052896EDD600F8100D /* Defaults */; };
		4AE9B9092896EDE700F8100D /* Preferences in Frameworks */ = {isa = PBXBuildFile; productRef = 4AE9B9082896EDE700F8100D /* Preferences */; };
		4AF0685F2905CD2F0088F8A9 /* GeneralPreferencesView.swift in Sources */ = {isa = PBXBuildFile; fileRef = 4AF0685E2905CD2F0088F8A9 /* GeneralPreferencesView.swift */; };
/* End PBXBuildFile section */

/* Begin PBXFileReference section */
		4A0ED9442899B4EC00C64485 /* Settings.swift */ = {isa = PBXFileReference; lastKnownFileType = sourcecode.swift; path = Settings.swift; sourceTree = "<group>"; };
		4A0ED9462899B95000C64485 /* LocalizedStrings.swift */ = {isa = PBXFileReference; lastKnownFileType = sourcecode.swift; path = LocalizedStrings.swift; sourceTree = "<group>"; };
		4A1A0715289629680023B5AE /* EventMonitor.swift */ = {isa = PBXFileReference; fileEncoding = 4; lastKnownFileType = sourcecode.swift; path = EventMonitor.swift; sourceTree = "<group>"; };
		4A2BD5182926CAF70085E372 /* Font.swift */ = {isa = PBXFileReference; lastKnownFileType = sourcecode.swift; path = Font.swift; sourceTree = "<group>"; };
		4A88A6AF2896290000F63365 /* MouseHouse.app */ = {isa = PBXFileReference; explicitFileType = wrapper.application; includeInIndex = 0; path = MouseHouse.app; sourceTree = BUILT_PRODUCTS_DIR; };
		4A88A6B22896290000F63365 /* AppDelegate.swift */ = {isa = PBXFileReference; lastKnownFileType = sourcecode.swift; path = AppDelegate.swift; sourceTree = "<group>"; };
		4A88A6B42896290000F63365 /* Assets.xcassets */ = {isa = PBXFileReference; lastKnownFileType = folder.assetcatalog; path = Assets.xcassets; sourceTree = "<group>"; };
		4A88A6B72896290000F63365 /* Base */ = {isa = PBXFileReference; lastKnownFileType = file.xib; name = Base; path = Base.lproj/MainMenu.xib; sourceTree = "<group>"; };
		4A88A6B92896290000F63365 /* MouseHouse.entitlements */ = {isa = PBXFileReference; lastKnownFileType = text.plist.entitlements; path = MouseHouse.entitlements; sourceTree = "<group>"; };
		4AA764142896DC61000C6A49 /* MouseMover.swift */ = {isa = PBXFileReference; lastKnownFileType = sourcecode.swift; path = MouseMover.swift; sourceTree = "<group>"; };
		4AF0685E2905CD2F0088F8A9 /* GeneralPreferencesView.swift */ = {isa = PBXFileReference; lastKnownFileType = sourcecode.swift; path = GeneralPreferencesView.swift; sourceTree = "<group>"; };
/* End PBXFileReference section */

/* Begin PBXFrameworksBuildPhase section */
		4A88A6AC2896290000F63365 /* Frameworks */ = {
			isa = PBXFrameworksBuildPhase;
			buildActionMask = 2147483647;
			files = (
				4AE9B9062896EDD600F8100D /* Defaults in Frameworks */,
				4AE9B9092896EDE700F8100D /* Preferences in Frameworks */,
				4AE9B9032896EDC300F8100D /* LaunchAtLogin in Frameworks */,
				4AE9B9002896EDAB00F8100D /* KeyboardShortcuts in Frameworks */,
			);
			runOnlyForDeploymentPostprocessing = 0;
		};
/* End PBXFrameworksBuildPhase section */

/* Begin PBXGroup section */
		4A88A6A62896290000F63365 = {
			isa = PBXGroup;
			children = (
				4A88A6B12896290000F63365 /* MouseHouse */,
				4A88A6B02896290000F63365 /* Products */,
			);
			sourceTree = "<group>";
		};
		4A88A6B02896290000F63365 /* Products */ = {
			isa = PBXGroup;
			children = (
				4A88A6AF2896290000F63365 /* MouseHouse.app */,
			);
			name = Products;
			sourceTree = "<group>";
		};
		4A88A6B12896290000F63365 /* MouseHouse */ = {
			isa = PBXGroup;
			children = (
				4AA764162896DCDC000C6A49 /* Resources */,
				4AA764172896DCDF000C6A49 /* Sources */,
			);
			path = MouseHouse;
			sourceTree = "<group>";
		};
		4AA764162896DCDC000C6A49 /* Resources */ = {
			isa = PBXGroup;
			children = (
				4A88A6B42896290000F63365 /* Assets.xcassets */,
				4A88A6B62896290000F63365 /* MainMenu.xib */,
			);
			path = Resources;
			sourceTree = "<group>";
		};
		4AA764172896DCDF000C6A49 /* Sources */ = {
			isa = PBXGroup;
			children = (
				4AF0685D2905CD1D0088F8A9 /* Preferences */,
				4A88A6B22896290000F63365 /* AppDelegate.swift */,
				4A0ED9462899B95000C64485 /* LocalizedStrings.swift */,
				4A2BD5182926CAF70085E372 /* Font.swift */,
				4A1A0715289629680023B5AE /* EventMonitor.swift */,
				4AA764142896DC61000C6A49 /* MouseMover.swift */,
				4A88A6B92896290000F63365 /* MouseHouse.entitlements */,
			);
			path = Sources;
			sourceTree = "<group>";
		};
		4AF0685D2905CD1D0088F8A9 /* Preferences */ = {
			isa = PBXGroup;
			children = (
				4A0ED9442899B4EC00C64485 /* Settings.swift */,
				4AF0685E2905CD2F0088F8A9 /* GeneralPreferencesView.swift */,
			);
			path = Preferences;
			sourceTree = "<group>";
		};
/* End PBXGroup section */

/* Begin PBXNativeTarget section */
		4A88A6AE2896290000F63365 /* MouseHouse */ = {
			isa = PBXNativeTarget;
			buildConfigurationList = 4A88A6BC2896290000F63365 /* Build configuration list for PBXNativeTarget "MouseHouse" */;
			buildPhases = (
				4AE5086829254E2F006B3CA5 /* Print Build Settings to Log */,
				4A88A6AB2896290000F63365 /* Sources */,
				4A88A6AC2896290000F63365 /* Frameworks */,
				4A88A6AD2896290000F63365 /* Resources */,
			);
			buildRules = (
			);
			dependencies = (
			);
			name = MouseHouse;
			packageProductDependencies = (
				4AE9B8FF2896EDAB00F8100D /* KeyboardShortcuts */,
				4AE9B9022896EDC300F8100D /* LaunchAtLogin */,
				4AE9B9052896EDD600F8100D /* Defaults */,
				4AE9B9082896EDE700F8100D /* Preferences */,
			);
			productName = MouseHouse;
			productReference = 4A88A6AF2896290000F63365 /* MouseHouse.app */;
			productType = "com.apple.product-type.application";
		};
/* End PBXNativeTarget section */

/* Begin PBXProject section */
		4A88A6A72896290000F63365 /* Project object */ = {
			isa = PBXProject;
			attributes = {
				BuildIndependentTargetsInParallel = 1;
				LastSwiftUpdateCheck = 1400;
				LastUpgradeCheck = 1400;
				TargetAttributes = {
					4A88A6AE2896290000F63365 = {
						CreatedOnToolsVersion = 14.0;
					};
				};
			};
			buildConfigurationList = 4A88A6AA2896290000F63365 /* Build configuration list for PBXProject "MouseHouse" */;
			compatibilityVersion = "Xcode 14.0";
			developmentRegion = en;
			hasScannedForEncodings = 0;
			knownRegions = (
				en,
				Base,
			);
			mainGroup = 4A88A6A62896290000F63365;
			packageReferences = (
				4AE9B8FE2896EDAB00F8100D /* XCRemoteSwiftPackageReference "KeyboardShortcuts" */,
				4AE9B9012896EDC300F8100D /* XCRemoteSwiftPackageReference "LaunchAtLogin" */,
				4AE9B9042896EDD600F8100D /* XCRemoteSwiftPackageReference "Defaults" */,
				4AE9B9072896EDE700F8100D /* XCRemoteSwiftPackageReference "Preferences" */,
			);
			productRefGroup = 4A88A6B02896290000F63365 /* Products */;
			projectDirPath = "";
			projectRoot = "";
			targets = (
				4A88A6AE2896290000F63365 /* MouseHouse */,
			);
		};
/* End PBXProject section */

/* Begin PBXResourcesBuildPhase section */
		4A88A6AD2896290000F63365 /* Resources */ = {
			isa = PBXResourcesBuildPhase;
			buildActionMask = 2147483647;
			files = (
				4A88A6B52896290000F63365 /* Assets.xcassets in Resources */,
				4A88A6B82896290000F63365 /* MainMenu.xib in Resources */,
			);
			runOnlyForDeploymentPostprocessing = 0;
		};
/* End PBXResourcesBuildPhase section */

/* Begin PBXShellScriptBuildPhase section */
		4AE5086829254E2F006B3CA5 /* Print Build Settings to Log */ = {
			isa = PBXShellScriptBuildPhase;
			alwaysOutOfDate = 1;
			buildActionMask = 2147483647;
			files = (
			);
			inputFileListPaths = (
			);
			inputPaths = (
			);
			name = "Print Build Settings to Log";
			outputFileListPaths = (
			);
			outputPaths = (
			);
			runOnlyForDeploymentPostprocessing = 0;
			shellPath = /bin/sh;
			shellScript = "export\n";
			showEnvVarsInLog = 0;
		};
/* End PBXShellScriptBuildPhase section */

/* Begin PBXSourcesBuildPhase section */
		4A88A6AB2896290000F63365 /* Sources */ = {
			isa = PBXSourcesBuildPhase;
			buildActionMask = 2147483647;
			files = (
				4AA764152896DC61000C6A49 /* MouseMover.swift in Sources */,
				4A88A6B32896290000F63365 /* AppDelegate.swift in Sources */,
				4A2BD5192926CAF70085E372 /* Font.swift in Sources */,
				4A1A0716289629680023B5AE /* EventMonitor.swift in Sources */,
				4A0ED9472899B95100C64485 /* LocalizedStrings.swift in Sources */,
				4AF0685F2905CD2F0088F8A9 /* GeneralPreferencesView.swift in Sources */,
				4A0ED9452899B4EC00C64485 /* Settings.swift in Sources */,
			);
			runOnlyForDeploymentPostprocessing = 0;
		};
/* End PBXSourcesBuildPhase section */

/* Begin PBXVariantGroup section */
		4A88A6B62896290000F63365 /* MainMenu.xib */ = {
			isa = PBXVariantGroup;
			children = (
				4A88A6B72896290000F63365 /* Base */,
			);
			name = MainMenu.xib;
			sourceTree = "<group>";
		};
/* End PBXVariantGroup section */

/* Begin XCBuildConfiguration section */
		4A88A6BA2896290000F63365 /* Debug */ = {
			isa = XCBuildConfiguration;
			buildSettings = {
				ALWAYS_SEARCH_USER_PATHS = NO;
				CLANG_ANALYZER_NONNULL = YES;
				CLANG_ANALYZER_NUMBER_OBJECT_CONVERSION = YES_AGGRESSIVE;
				CLANG_CXX_LANGUAGE_STANDARD = "gnu++20";
				CLANG_ENABLE_MODULES = YES;
				CLANG_ENABLE_OBJC_ARC = YES;
				CLANG_ENABLE_OBJC_WEAK = YES;
				CLANG_WARN_BLOCK_CAPTURE_AUTORELEASING = YES;
				CLANG_WARN_BOOL_CONVERSION = YES;
				CLANG_WARN_COMMA = YES;
				CLANG_WARN_CONSTANT_CONVERSION = YES;
				CLANG_WARN_DEPRECATED_OBJC_IMPLEMENTATIONS = YES;
				CLANG_WARN_DIRECT_OBJC_ISA_USAGE = YES_ERROR;
				CLANG_WARN_DOCUMENTATION_COMMENTS = YES;
				CLANG_WARN_EMPTY_BODY = YES;
				CLANG_WARN_ENUM_CONVERSION = YES;
				CLANG_WARN_INFINITE_RECURSION = YES;
				CLANG_WARN_INT_CONVERSION = YES;
				CLANG_WARN_NON_LITERAL_NULL_CONVERSION = YES;
				CLANG_WARN_OBJC_IMPLICIT_RETAIN_SELF = YES;
				CLANG_WARN_OBJC_LITERAL_CONVERSION = YES;
				CLANG_WARN_OBJC_ROOT_CLASS = YES_ERROR;
				CLANG_WARN_QUOTED_INCLUDE_IN_FRAMEWORK_HEADER = YES;
				CLANG_WARN_RANGE_LOOP_ANALYSIS = YES;
				CLANG_WARN_STRICT_PROTOTYPES = YES;
				CLANG_WARN_SUSPICIOUS_MOVE = YES;
				CLANG_WARN_UNGUARDED_AVAILABILITY = YES_AGGRESSIVE;
				CLANG_WARN_UNREACHABLE_CODE = YES;
				CLANG_WARN__DUPLICATE_METHOD_MATCH = YES;
				COPY_PHASE_STRIP = NO;
				DEBUG_INFORMATION_FORMAT = dwarf;
				ENABLE_STRICT_OBJC_MSGSEND = YES;
				ENABLE_TESTABILITY = YES;
				GCC_C_LANGUAGE_STANDARD = gnu11;
				GCC_DYNAMIC_NO_PIC = NO;
				GCC_NO_COMMON_BLOCKS = YES;
				GCC_OPTIMIZATION_LEVEL = 0;
				GCC_PREPROCESSOR_DEFINITIONS = (
					"DEBUG=1",
					"$(inherited)",
				);
				GCC_WARN_64_TO_32_BIT_CONVERSION = YES;
				GCC_WARN_ABOUT_RETURN_TYPE = YES_ERROR;
				GCC_WARN_UNDECLARED_SELECTOR = YES;
				GCC_WARN_UNINITIALIZED_AUTOS = YES_AGGRESSIVE;
				GCC_WARN_UNUSED_FUNCTION = YES;
				GCC_WARN_UNUSED_VARIABLE = YES;
				MACOSX_DEPLOYMENT_TARGET = 12.5;
				MTL_ENABLE_DEBUG_INFO = INCLUDE_SOURCE;
				MTL_FAST_MATH = YES;
				ONLY_ACTIVE_ARCH = YES;
				SDKROOT = macosx;
				SWIFT_ACTIVE_COMPILATION_CONDITIONS = DEBUG;
				SWIFT_OPTIMIZATION_LEVEL = "-Onone";
			};
			name = Debug;
		};
		4A88A6BB2896290000F63365 /* Release */ = {
			isa = XCBuildConfiguration;
			buildSettings = {
				ALWAYS_SEARCH_USER_PATHS = NO;
				CLANG_ANALYZER_NONNULL = YES;
				CLANG_ANALYZER_NUMBER_OBJECT_CONVERSION = YES_AGGRESSIVE;
				CLANG_CXX_LANGUAGE_STANDARD = "gnu++20";
				CLANG_ENABLE_MODULES = YES;
				CLANG_ENABLE_OBJC_ARC = YES;
				CLANG_ENABLE_OBJC_WEAK = YES;
				CLANG_WARN_BLOCK_CAPTURE_AUTORELEASING = YES;
				CLANG_WARN_BOOL_CONVERSION = YES;
				CLANG_WARN_COMMA = YES;
				CLANG_WARN_CONSTANT_CONVERSION = YES;
				CLANG_WARN_DEPRECATED_OBJC_IMPLEMENTATIONS = YES;
				CLANG_WARN_DIRECT_OBJC_ISA_USAGE = YES_ERROR;
				CLANG_WARN_DOCUMENTATION_COMMENTS = YES;
				CLANG_WARN_EMPTY_BODY = YES;
				CLANG_WARN_ENUM_CONVERSION = YES;
				CLANG_WARN_INFINITE_RECURSION = YES;
				CLANG_WARN_INT_CONVERSION = YES;
				CLANG_WARN_NON_LITERAL_NULL_CONVERSION = YES;
				CLANG_WARN_OBJC_IMPLICIT_RETAIN_SELF = YES;
				CLANG_WARN_OBJC_LITERAL_CONVERSION = YES;
				CLANG_WARN_OBJC_ROOT_CLASS = YES_ERROR;
				CLANG_WARN_QUOTED_INCLUDE_IN_FRAMEWORK_HEADER = YES;
				CLANG_WARN_RANGE_LOOP_ANALYSIS = YES;
				CLANG_WARN_STRICT_PROTOTYPES = YES;
				CLANG_WARN_SUSPICIOUS_MOVE = YES;
				CLANG_WARN_UNGUARDED_AVAILABILITY = YES_AGGRESSIVE;
				CLANG_WARN_UNREACHABLE_CODE = YES;
				CLANG_WARN__DUPLICATE_METHOD_MATCH = YES;
				COPY_PHASE_STRIP = NO;
				DEBUG_INFORMATION_FORMAT = "dwarf-with-dsym";
				ENABLE_NS_ASSERTIONS = NO;
				ENABLE_STRICT_OBJC_MSGSEND = YES;
				GCC_C_LANGUAGE_STANDARD = gnu11;
				GCC_NO_COMMON_BLOCKS = YES;
				GCC_WARN_64_TO_32_BIT_CONVERSION = YES;
				GCC_WARN_ABOUT_RETURN_TYPE = YES_ERROR;
				GCC_WARN_UNDECLARED_SELECTOR = YES;
				GCC_WARN_UNINITIALIZED_AUTOS = YES_AGGRESSIVE;
				GCC_WARN_UNUSED_FUNCTION = YES;
				GCC_WARN_UNUSED_VARIABLE = YES;
				MACOSX_DEPLOYMENT_TARGET = 12.5;
				MTL_ENABLE_DEBUG_INFO = NO;
				MTL_FAST_MATH = YES;
				SDKROOT = macosx;
				SWIFT_COMPILATION_MODE = wholemodule;
				SWIFT_OPTIMIZATION_LEVEL = "-O";
			};
			name = Release;
		};
		4A88A6BD2896290000F63365 /* Debug */ = {
			isa = XCBuildConfiguration;
			buildSettings = {
				ASSETCATALOG_COMPILER_APPICON_NAME = AppIcon;
				ASSETCATALOG_COMPILER_GLOBAL_ACCENT_COLOR_NAME = AccentColor;
				CODE_SIGN_ENTITLEMENTS = MouseHouse/Sources/MouseHouse.entitlements;
				CODE_SIGN_STYLE = Automatic;
				COMBINE_HIDPI_IMAGES = YES;
				CURRENT_PROJECT_VERSION = 1;
				DEVELOPMENT_TEAM = F2J52QJQ9Y;
				ENABLE_HARDENED_RUNTIME = YES;
				GENERATE_INFOPLIST_FILE = YES;
				INFOPLIST_KEY_LSApplicationCategoryType = "public.app-category.utilities";
				INFOPLIST_KEY_LSUIElement = YES;
				INFOPLIST_KEY_NSMainNibFile = MainMenu;
				INFOPLIST_KEY_NSPrincipalClass = NSApplication;
				LD_RUNPATH_SEARCH_PATHS = (
					"$(inherited)",
					"@executable_path/../Frameworks",
				);
				MACOSX_DEPLOYMENT_TARGET = 12.0;
				MARKETING_VERSION = 1.0;
				PRODUCT_BUNDLE_IDENTIFIER = software.level.MouseHouse;
				PRODUCT_NAME = "$(TARGET_NAME)";
				SWIFT_EMIT_LOC_STRINGS = YES;
				SWIFT_VERSION = 5.0;
			};
			name = Debug;
		};
		4A88A6BE2896290000F63365 /* Release */ = {
			isa = XCBuildConfiguration;
			buildSettings = {
				ASSETCATALOG_COMPILER_APPICON_NAME = AppIcon;
				ASSETCATALOG_COMPILER_GLOBAL_ACCENT_COLOR_NAME = AccentColor;
				CODE_SIGN_ENTITLEMENTS = MouseHouse/Sources/MouseHouse.entitlements;
				CODE_SIGN_STYLE = Automatic;
				COMBINE_HIDPI_IMAGES = YES;
				CURRENT_PROJECT_VERSION = 1;
				DEVELOPMENT_TEAM = F2J52QJQ9Y;
				ENABLE_HARDENED_RUNTIME = YES;
				GENERATE_INFOPLIST_FILE = YES;
				INFOPLIST_KEY_LSApplicationCategoryType = "public.app-category.utilities";
				INFOPLIST_KEY_LSUIElement = YES;
				INFOPLIST_KEY_NSMainNibFile = MainMenu;
				INFOPLIST_KEY_NSPrincipalClass = NSApplication;
				LD_RUNPATH_SEARCH_PATHS = (
					"$(inherited)",
					"@executable_path/../Frameworks",
				);
				MACOSX_DEPLOYMENT_TARGET = 12.0;
				MARKETING_VERSION = 1.0;
				PRODUCT_BUNDLE_IDENTIFIER = software.level.MouseHouse;
				PRODUCT_NAME = "$(TARGET_NAME)";
				SWIFT_EMIT_LOC_STRINGS = YES;
				SWIFT_VERSION = 5.0;
			};
			name = Release;
		};
/* End XCBuildConfiguration section */

/* Begin XCConfigurationList section */
		4A88A6AA2896290000F63365 /* Build configuration list for PBXProject "MouseHouse" */ = {
			isa = XCConfigurationList;
			buildConfigurations = (
				4A88A6BA2896290000F63365 /* Debug */,
				4A88A6BB2896290000F63365 /* Release */,
			);
			defaultConfigurationIsVisible = 0;
			defaultConfigurationName = Release;
		};
		4A88A6BC2896290000F63365 /* Build configuration list for PBXNativeTarget "MouseHouse" */ = {
			isa = XCConfigurationList;
			buildConfigurations = (
				4A88A6BD2896290000F63365 /* Debug */,
				4A88A6BE2896290000F63365 /* Release */,
			);
			defaultConfigurationIsVisible = 0;
			defaultConfigurationName = Release;
		};
/* End XCConfigurationList section */

/* Begin XCRemoteSwiftPackageReference section */
		4AE9B8FE2896EDAB00F8100D /* XCRemoteSwiftPackageReference "KeyboardShortcuts" */ = {
			isa = XCRemoteSwiftPackageReference;
			repositoryURL = "https://github.com/sindresorhus/KeyboardShortcuts";
			requirement = {
				kind = upToNextMajorVersion;
				minimumVersion = 1.7.1;
			};
		};
		4AE9B9012896EDC300F8100D /* XCRemoteSwiftPackageReference "LaunchAtLogin" */ = {
			isa = XCRemoteSwiftPackageReference;
			repositoryURL = "https://github.com/sindresorhus/LaunchAtLogin";
			requirement = {
				kind = upToNextMajorVersion;
				minimumVersion = 4.2.0;
			};
		};
		4AE9B9042896EDD600F8100D /* XCRemoteSwiftPackageReference "Defaults" */ = {
			isa = XCRemoteSwiftPackageReference;
			repositoryURL = "https://github.com/sindresorhus/Defaults";
			requirement = {
				kind = upToNextMajorVersion;
				minimumVersion = 6.3.0;
			};
		};
		4AE9B9072896EDE700F8100D /* XCRemoteSwiftPackageReference "Preferences" */ = {
			isa = XCRemoteSwiftPackageReference;
			repositoryURL = "https://github.com/sindresorhus/Preferences";
			requirement = {
				kind = upToNextMajorVersion;
				minimumVersion = 2.6.0;
			};
		};
/* End XCRemoteSwiftPackageReference section */

/* Begin XCSwiftPackageProductDependency section */
		4AE9B8FF2896EDAB00F8100D /* KeyboardShortcuts */ = {
			isa = XCSwiftPackageProductDependency;
			package = 4AE9B8FE2896EDAB00F8100D /* XCRemoteSwiftPackageReference "KeyboardShortcuts" */;
			productName = KeyboardShortcuts;
		};
		4AE9B9022896EDC300F8100D /* LaunchAtLogin */ = {
			isa = XCSwiftPackageProductDependency;
			package = 4AE9B9012896EDC300F8100D /* XCRemoteSwiftPackageReference "LaunchAtLogin" */;
			productName = LaunchAtLogin;
		};
		4AE9B9052896EDD600F8100D /* Defaults */ = {
			isa = XCSwiftPackageProductDependency;
			package = 4AE9B9042896EDD600F8100D /* XCRemoteSwiftPackageReference "Defaults" */;
			productName = Defaults;
		};
		4AE9B9082896EDE700F8100D /* Preferences */ = {
			isa = XCSwiftPackageProductDependency;
			package = 4AE9B9072896EDE700F8100D /* XCRemoteSwiftPackageReference "Preferences" */;
			productName = Preferences;
		};
/* End XCSwiftPackageProductDependency section */
	};
	rootObject = 4A88A6A72896290000F63365 /* Project object */;
}
